
Microsoft Visual Studio Solution File, Format Version 12.00
# Visual Studio 2012
Project("{FAE04EC0-301F-11D3-BF4B-00C04F79EFBC}") = "OSproject", "OSproject\OSproject.csproj", "{4B2DE8A9-40C4-4C69-9028-A66F4C891A0A}"
EndProject
Global
	GlobalSection(SolutionConfigurationPlatforms) = preSolution
		Debug|Any CPU = Debug|Any CPU
		Release|Any CPU = Release|Any CPU
	EndGlobalSection
	GlobalSection(ProjectConfigurationPlatforms) = postSolution
		{4B2DE8A9-40C4-4C69-9028-A66F4C891A0A}.Debug|Any CPU.ActiveCfg = Debug|Any CPU
		{4B2DE8A9-40C4-4C69-9028-A66F4C891A0A}.Debug|Any CPU.Build.0 = Debug|Any CPU
		{4B2DE8A9-40C4-4C69-9028-A66F4C891A0A}.Release|Any CPU.ActiveCfg = Release|Any CPU
		{4B2DE8A9-40C4-4C69-9028-A66F4C891A0A}.Release|Any CPU.Build.0 = Release|Any CPU
	EndGlobalSection
	GlobalSection(SolutionProperties) = preSolution
		HideSolutionNode = FALSE
	EndGlobalSection
EndGlobal
